
Microsoft Visual Studio Solution File, Format Version 12.00
# Visual Studio 15
VisualStudioVersion = 15.0.28010.2048
MinimumVisualStudioVersion = 10.0.40219.1
Project("{FAE04EC0-301F-11D3-BF4B-00C04F79EFBC}") = "InventoryManagement", "InventoryManagement\InventoryManagement.csproj", "{ECFB6124-657E-4B74-A289-E424BD5A1FB0}"
EndProject
Global
	GlobalSection(SolutionConfigurationPlatforms) = preSolution
		Debug|Any CPU = Debug|Any CPU
		Release|Any CPU = Release|Any CPU
	EndGlobalSection
	GlobalSection(ProjectConfigurationPlatforms) = postSolution
		{ECFB6124-657E-4B74-A289-E424BD5A1FB0}.Debug|Any CPU.ActiveCfg = Debug|Any CPU
		{ECFB6124-657E-4B74-A289-E424BD5A1FB0}.Debug|Any CPU.Build.0 = Debug|Any CPU
		{ECFB6124-657E-4B74-A289-E424BD5A1FB0}.Release|Any CPU.ActiveCfg = Release|Any CPU
		{ECFB6124-657E-4B74-A289-E424BD5A1FB0}.Release|Any CPU.Build.0 = Release|Any CPU
	EndGlobalSection
	GlobalSection(SolutionProperties) = preSolution
		HideSolutionNode = FALSE
	EndGlobalSection
	GlobalSection(ExtensibilityGlobals) = postSolution
		SolutionGuid = {CA8502A3-FC38-4F57-ADB1-0FD8E095D2EB}
	EndGlobalSection
EndGlobal
